
Microsoft Visual Studio Solution File, Format Version 12.00
# Visual Studio Version 16
VisualStudioVersion = 16.0.808.7
MinimumVisualStudioVersion = 10.0.40219.1
Project("{9A19103F-16F7-4668-BE54-9A1E7A4F7556}") = "LibraryProject", "LibraryProject\LibraryProject.csproj", "{CBACEFE9-60E0-4E1B-B97A-A2212BD0CDD3}"
EndProject
Global
	GlobalSection(SolutionConfigurationPlatforms) = preSolution
		Debug|Any CPU = Debug|Any CPU
		Release|Any CPU = Release|Any CPU
	EndGlobalSection
	GlobalSection(ProjectConfigurationPlatforms) = postSolution
		{CBACEFE9-60E0-4E1B-B97A-A2212BD0CDD3}.Debug|Any CPU.ActiveCfg = Debug|Any CPU
		{CBACEFE9-60E0-4E1B-B97A-A2212BD0CDD3}.Debug|Any CPU.Build.0 = Debug|Any CPU
		{CBACEFE9-60E0-4E1B-B97A-A2212BD0CDD3}.Release|Any CPU.ActiveCfg = Release|Any CPU
		{CBACEFE9-60E0-4E1B-B97A-A2212BD0CDD3}.Release|Any CPU.Build.0 = Release|Any CPU
	EndGlobalSection
	GlobalSection(SolutionProperties) = preSolution
		HideSolutionNode = FALSE
	EndGlobalSection
	GlobalSection(ExtensibilityGlobals) = postSolution
		SolutionGuid = {6A7929EC-D8E3-4473-9C97-6260E71A1C49}
	EndGlobalSection
EndGlobal
